
Microsoft Visual Studio Solution File, Format Version 12.00
Project("{FAE04EC0-301F-11D3-BF4B-00C04F79EFBC}") = "ConsoleApp2", "ConsoleApp2\ConsoleApp2.csproj", "{40D01C27-ADE0-4F38-B104-DA3F1157B9A5}"
EndProject
Project("{FAE04EC0-301F-11D3-BF4B-00C04F79EFBC}") = "ConsoleApp1", "ConsoleApp1\ConsoleApp1.csproj", "{A43DF002-F85E-4BEE-837F-7CE15B2B0EA6}"
EndProject
Global
	GlobalSection(SolutionConfigurationPlatforms) = preSolution
		Debug|Any CPU = Debug|Any CPU
		Release|Any CPU = Release|Any CPU
	EndGlobalSection
	GlobalSection(ProjectConfigurationPlatforms) = postSolution
		{40D01C27-ADE0-4F38-B104-DA3F1157B9A5}.Debug|Any CPU.ActiveCfg = Debug|Any CPU
		{40D01C27-ADE0-4F38-B104-DA3F1157B9A5}.Debug|Any CPU.Build.0 = Debug|Any CPU
		{40D01C27-ADE0-4F38-B104-DA3F1157B9A5}.Release|Any CPU.ActiveCfg = Release|Any CPU
		{40D01C27-ADE0-4F38-B104-DA3F1157B9A5}.Release|Any CPU.Build.0 = Release|Any CPU
		{A43DF002-F85E-4BEE-837F-7CE15B2B0EA6}.Debug|Any CPU.ActiveCfg = Debug|Any CPU
		{A43DF002-F85E-4BEE-837F-7CE15B2B0EA6}.Debug|Any CPU.Build.0 = Debug|Any CPU
		{A43DF002-F85E-4BEE-837F-7CE15B2B0EA6}.Release|Any CPU.ActiveCfg = Release|Any CPU
		{A43DF002-F85E-4BEE-837F-7CE15B2B0EA6}.Release|Any CPU.Build.0 = Release|Any CPU
	EndGlobalSection
EndGlobal
