
Microsoft Visual Studio Solution File, Format Version 12.00
# Visual Studio Version 17
VisualStudioVersion = 17.6.33815.320
MinimumVisualStudioVersion = 10.0.40219.1
Project("{FAE04EC0-301F-11D3-BF4B-00C04F79EFBC}") = "project", "project\project.csproj", "{CD44108E-67BD-44EB-99D7-2529F76CDA59}"
EndProject
Global
	GlobalSection(SolutionConfigurationPlatforms) = preSolution
		Debug|Any CPU = Debug|Any CPU
		Release|Any CPU = Release|Any CPU
	EndGlobalSection
	GlobalSection(ProjectConfigurationPlatforms) = postSolution
		{CD44108E-67BD-44EB-99D7-2529F76CDA59}.Debug|Any CPU.ActiveCfg = Debug|Any CPU
		{CD44108E-67BD-44EB-99D7-2529F76CDA59}.Debug|Any CPU.Build.0 = Debug|Any CPU
		{CD44108E-67BD-44EB-99D7-2529F76CDA59}.Release|Any CPU.ActiveCfg = Release|Any CPU
		{CD44108E-67BD-44EB-99D7-2529F76CDA59}.Release|Any CPU.Build.0 = Release|Any CPU
	EndGlobalSection
	GlobalSection(SolutionProperties) = preSolution
		HideSolutionNode = FALSE
	EndGlobalSection
	GlobalSection(ExtensibilityGlobals) = postSolution
		SolutionGuid = {D9D6E512-8565-4F69-88D4-B47645E538A1}
	EndGlobalSection
EndGlobal
